{
  "name": "ccpostablesweb",
  "version": "1.0.0",
  "lockfileVersion": 3,
  "requires": true,
  "packages": {
    "": {
      "name": "ccpostablesweb",
      "version": "1.0.0",
      "license": "ISC",
      "dependencies": {
        "gojs": "^3.0.11"
      }
    },
    "node_modules/gojs": {
      "version": "3.0.11",
      "resolved": "https://registry.npmjs.org/gojs/-/gojs-3.0.11.tgz",
      "integrity": "sha512-DYOByliVMG8LMuPf13V7D9cik59aSwWWrPevibAvPtwCsCBqEw3eWOoqmwiU2+J5ev+rMxb2l1Na6GkyZmxbwA=="
    }
  }
}
